{
  "name": "sidecut",
  "version": "5.0.44",
  "lockfileVersion": 3,
  "requires": true,
  "packages": {
    "": {
      "name": "sidecut",
      "version": "5.0.44",
      "dependencies": {
        "@capacitor/android": "^7.0.0",
        "@capacitor/cli": "^7.0.0",
        "@capacitor/core": "^7.0.0",
        "@capacitor/filesystem": "^7.0.0",
        "@capacitor/share": "^7.0.0",
        "@capgo/capacitor-updater": "7.51.15",
        "@capgo/native-purchases": "^7.19.3",
        "@jofr/capacitor-media-session": "^4.0.0"
      }
    },
    "node_modules/@capacitor/android": {
      "version": "7.6.9",
      "resolved": "https://registry.npmjs.org/@capacitor/android/-/android-7.6.9.tgz",
      "integrity": "sha512-jvfU42aOuj92/KJqRscfDm+5612WzJainFL09xjJgD9oI3OMXN4PBfccn8Ig9i8x7bkVqZv/XNwFshiIRqmggg==",
      "license": "MIT",
      "peerDependencies": {
        "@capacitor/core": "^7.6.0"
      }
    },
    "node_modules/@capacitor/cli": {
      "version": "7.6.9",
      "resolved": "https://registry.npmjs.org/@capacitor/cli/-/cli-7.6.9.tgz",
      "integrity": "sha512-QBDEf38yBAFTJehbi5FvAmhDWV1I/e7Zr3Z6XX0Bj+9T+/OY5EkGbw5/1e+3oIyyeepq3WtdSkLWHs3VNH2gCA==",
      "license": "MIT",
      "dependencies": {
        "@ionic/cli-framework-output": "^2.2.8",
        "@ionic/utils-subprocess": "^3.0.1",
        "@ionic/utils-terminal": "^2.3.5",
        "commander": "^12.1.0",
        "debug": "^4.4.0",
        "env-paths": "^2.2.0",
        "fs-extra": "^11.2.0",
        "kleur": "^4.1.5",
        "native-run": "^2.0.3",
        "open": "^8.4.0",
        "plist": "^3.1.0",
        "prompts": "^2.4.2",
        "rimraf": "^6.0.1",
        "semver": "^7.6.3",
        "tar": "^7.5.3",
        "tslib": "^2.8.1",
        "xml2js": "^0.6.2"
      },
      "bin": {
        "cap": "bin/capacitor",
        "capacitor": "bin/capacitor"
      },
      "engines": {
        "node": ">=20.0.0"
      }
    },
    "node_modules/@capacitor/cli/node_modules/fs-extra": {
      "version": "11.4.0",
      "resolved": "https://registry.npmjs.org/fs-extra/-/fs-extra-11.4.0.tgz",
      "integrity": "sha512-EQsFzMUJkCKGr1ePqlYADkIUmHW1s3ZXr5Yqy6wbGrfUCphpl2maM/kyOIRA2HpP3AaFQTZXD4ldjek+nccddA==",
      "license": "MIT",
      "dependencies": {
        "graceful-fs": "^4.2.0",
        "jsonfile": "^6.0.1",
        "universalify": "^2.0.0"
      },
      "engines": {
        "node": ">=14.14"
      }
    },
    "node_modules/@capacitor/core": {
      "version": "7.6.9",
      "resolved": "https://registry.npmjs.org/@capacitor/core/-/core-7.6.9.tgz",
      "integrity": "sha512-4DOh/xySC9S5ryhUIqpOppasIyi2WiTdF0JuZ/2DEs+vf5eunRzHDdNYBp1snA3faHciTw/3SVGXfR+WkYxsMA==",
      "license": "MIT",
      "dependencies": {
        "tslib": "^2.1.0"
      }
    },
    "node_modules/@capacitor/filesystem": {
      "version": "7.1.8",
      "resolved": "https://registry.npmjs.org/@capacitor/filesystem/-/filesystem-7.1.8.tgz",
      "integrity": "sha512-Qpw/2SE4/CzqAUvGgSM9hw/uXQ5qoOaF4wxbToXwpAaKPS+tzletS1h5ti3jjLmGcqizTs2sEXMtcsARW/Ceew==",
      "license": "MIT",
      "dependencies": {
        "@capacitor/synapse": "^1.0.3"
      },
      "peerDependencies": {
        "@capacitor/core": ">=7.0.0"
      }
    },
    "node_modules/@capacitor/share": {
      "version": "7.0.4",
      "resolved": "https://registry.npmjs.org/@capacitor/share/-/share-7.0.4.tgz",
      "integrity": "sha512-wNXxmXUcChrtbZ5jQv8scFIbIGKo3rk6B7qpWySxfUhYJP5NANgAqQ9Z69m0k/zYsucdh66SBU7XW1ykd9aUug==",
      "license": "MIT",
      "peerDependencies": {
        "@capacitor/core": ">=7.0.0"
      }
    },
    "node_modules/@capacitor/synapse": {
      "version": "1.0.4",
      "resolved": "https://registry.npmjs.org/@capacitor/synapse/-/synapse-1.0.4.tgz",
      "integrity": "sha512-/C1FUo8/OkKuAT4nCIu/34ny9siNHr9qtFezu4kxm6GY1wNFxrCFWjfYx5C1tUhVGz3fxBABegupkpjXvjCHrw==",
      "license": "ISC"
    },
    "node_modules/@capgo/capacitor-updater": {
      "version": "7.51.15",
      "resolved": "https://registry.npmjs.org/@capgo/capacitor-updater/-/capacitor-updater-7.51.15.tgz",
      "integrity": "sha512-xQSDzObdkoFCreGUHIaSR+KWoIl5v8wu2EX8u2mS1jqfVLY2xVf/4NKLGCafNr+sDOndZcua/IVsxLV3qZOoRg==",
      "license": "MPL-2.0",
      "peerDependencies": {
        "@capacitor/core": "^7.0.0"
      }
    },
    "node_modules/@capgo/native-purchases": {
      "version": "7.19.3",
      "resolved": "https://registry.npmjs.org/@capgo/native-purchases/-/native-purchases-7.19.3.tgz",
      "integrity": "sha512-ceTc7LlSft1eps3I6dgf/4DI7p7PxgSHe0ZVMunTqyN6rR979VzZoW9ECddX0O2kBQcKfr/VB+a9ivEbUc22HQ==",
      "license": "MPL-2.0",
      "peerDependencies": {
        "@capacitor/core": ">=7.0.0"
      }
    },
    "node_modules/@ionic/cli-framework-output": {
      "version": "2.2.8",
      "license": "MIT",
      "dependencies": {
        "@ionic/utils-terminal": "2.3.5",
        "debug": "^4.0.0",
        "tslib": "^2.0.1"
      },
      "engines": {
        "node": ">=16.0.0"
      }
    },
    "node_modules/@ionic/utils-array": {
      "version": "2.1.6",
      "resolved": "https://registry.npmjs.org/@ionic/utils-array/-/utils-array-2.1.6.tgz",
      "integrity": "sha512-0JZ1Zkp3wURnv8oq6Qt7fMPo5MpjbLoUoa9Bu2Q4PJuSDWM8H8gwF3dQO7VTeUj3/0o1IB1wGkFWZZYgUXZMUg==",
      "license": "MIT",
      "dependencies": {
        "debug": "^4.0.0",
        "tslib": "^2.0.1"
      },
      "engines": {
        "node": ">=16.0.0"
      }
    },
    "node_modules/@ionic/utils-fs": {
      "version": "3.1.7",
      "license": "MIT",
      "dependencies": {
        "@types/fs-extra": "^8.0.0",
        "debug": "^4.0.0",
        "fs-extra": "^9.0.0",
        "tslib": "^2.0.1"
      },
      "engines": {
        "node": ">=16.0.0"
      }
    },
    "node_modules/@ionic/utils-object": {
      "version": "2.1.6",
      "resolved": "https://registry.npmjs.org/@ionic/utils-object/-/utils-object-2.1.6.tgz",
      "integrity": "sha512-vCl7sl6JjBHFw99CuAqHljYJpcE88YaH2ZW4ELiC/Zwxl5tiwn4kbdP/gxi2OT3MQb1vOtgAmSNRtusvgxI8ww==",
      "license": "MIT",
      "dependencies": {
        "debug": "^4.0.0",
        "tslib": "^2.0.1"
      },
      "engines": {
        "node": ">=16.0.0"
      }
    },
    "node_modules/@ionic/utils-process": {
      "version": "2.1.12",
      "resolved": "https://registry.npmjs.org/@ionic/utils-process/-/utils-process-2.1.12.tgz",
      "integrity": "sha512-Jqkgyq7zBs/v/J3YvKtQQiIcxfJyplPgECMWgdO0E1fKrrH8EF0QGHNJ9mJCn6PYe2UtHNS8JJf5G21e09DfYg==",
      "license": "MIT",
      "dependencies": {
        "@ionic/utils-object": "2.1.6",
        "@ionic/utils-terminal": "2.3.5",
        "debug": "^4.0.0",
        "signal-exit": "^3.0.3",
        "tree-kill": "^1.2.2",
        "tslib": "^2.0.1"
      },
      "engines": {
        "node": ">=16.0.0"
      }
    },
    "node_modules/@ionic/utils-stream": {
      "version": "3.1.7",
      "resolved": "https://registry.npmjs.org/@ionic/utils-stream/-/utils-stream-3.1.7.tgz",
      "integrity": "sha512-eSELBE7NWNFIHTbTC2jiMvh1ABKGIpGdUIvARsNPMNQhxJB3wpwdiVnoBoTYp+5a6UUIww4Kpg7v6S7iTctH1w==",
      "license": "MIT",
      "dependencies": {
        "debug": "^4.0.0",
        "tslib": "^2.0.1"
      },
      "engines": {
        "node": ">=16.0.0"
      }
    },
    "node_modules/@ionic/utils-subprocess": {
      "version": "3.0.1",
      "resolved": "https://registry.npmjs.org/@ionic/utils-subprocess/-/utils-subprocess-3.0.1.tgz",
      "integrity": "sha512-cT4te3AQQPeIM9WCwIg8ohroJ8TjsYaMb2G4ZEgv9YzeDqHZ4JpeIKqG2SoaA3GmVQ3sOfhPM6Ox9sxphV/d1A==",
      "license": "MIT",
      "dependencies": {
        "@ionic/utils-array": "2.1.6",
        "@ionic/utils-fs": "3.1.7",
        "@ionic/utils-process": "2.1.12",
        "@ionic/utils-stream": "3.1.7",
        "@ionic/utils-terminal": "2.3.5",
        "cross-spawn": "^7.0.3",
        "debug": "^4.0.0",
        "tslib": "^2.0.1"
      },
      "engines": {
        "node": ">=16.0.0"
      }
    },
    "node_modules/@ionic/utils-terminal": {
      "version": "2.3.5",
      "license": "MIT",
      "dependencies": {
        "@types/slice-ansi": "^4.0.0",
        "debug": "^4.0.0",
        "signal-exit": "^3.0.3",
        "slice-ansi": "^4.0.0",
        "string-width": "^4.1.0",
        "strip-ansi": "^6.0.0",
        "tslib": "^2.0.1",
        "untildify": "^4.0.0",
        "wrap-ansi": "^7.0.0"
      },
      "engines": {
        "node": ">=16.0.0"
      }
    },
    "node_modules/@isaacs/fs-minipass": {
      "version": "4.0.1",
      "resolved": "https://registry.npmjs.org/@isaacs/fs-minipass/-/fs-minipass-4.0.1.tgz",
      "integrity": "sha512-wgm9Ehl2jpeqP3zw/7mo3kRHFp5MEDhqAdwy1fTGkHAwnkGOVsgpvQhL8B5n1qlb01jV3n/bI0ZfZp5lWA1k4w==",
      "license": "ISC",
      "dependencies": {
        "minipass": "^7.0.4"
      },
      "engines": {
        "node": ">=18.0.0"
      }
    },
    "node_modules/@jofr/capacitor-media-session": {
      "version": "4.0.0",
      "resolved": "https://registry.npmjs.org/@jofr/capacitor-media-session/-/capacitor-media-session-4.0.0.tgz",
      "integrity": "sha512-IGfc6BUzeeR0sJkk+0/jij3l0h78NdTqPMwBc9LXZrojtiqNtg4tw3CnIkYGccwZ/0glV3hPl8HVNTElOPVCyg==",
      "license": "GPL-3.0-or-later",
      "peerDependencies": {
        "@capacitor/core": "^6.0.0"
      }
    },
    "node_modules/@types/fs-extra": {
      "version": "8.1.5",
      "license": "MIT",
      "dependencies": {
        "@types/node": "*"
      }
    },
    "node_modules/@types/node": {
      "version": "26.4.0",
      "license": "MIT",
      "dependencies": {
        "undici-types": "~8.3.0"
      }
    },
    "node_modules/@types/slice-ansi": {
      "version": "4.0.0",
      "license": "MIT"
    },
    "node_modules/@xmldom/xmldom": {
      "version": "0.9.12",
      "license": "MIT",
      "engines": {
        "node": ">=14.6"
      }
    },
    "node_modules/ansi-regex": {
      "version": "5.0.1",
      "license": "MIT",
      "engines": {
        "node": ">=8"
      }
    },
    "node_modules/ansi-styles": {
      "version": "4.3.0",
      "license": "MIT",
      "dependencies": {
        "color-convert": "^2.0.1"
      },
      "engines": {
        "node": ">=8"
      },
      "funding": {
        "url": "https://github.com/chalk/ansi-styles?sponsor=1"
      }
    },
    "node_modules/astral-regex": {
      "version": "2.0.0",
      "license": "MIT",
      "engines": {
        "node": ">=8"
      }
    },
    "node_modules/at-least-node": {
      "version": "1.0.0",
      "license": "ISC",
      "engines": {
        "node": ">= 4.0.0"
      }
    },
    "node_modules/balanced-match": {
      "version": "4.0.4",
      "resolved": "https://registry.npmjs.org/balanced-match/-/balanced-match-4.0.4.tgz",
      "integrity": "sha512-BLrgEcRTwX2o6gGxGOCNyMvGSp35YofuYzw9h1IMTRmKqttAZZVU67bdb9Pr2vUHA8+j3i2tJfjO6C6+4myGTA==",
      "license": "MIT",
      "engines": {
        "node": "18 || 20 || >=22"
      }
    },
    "node_modules/base64-js": {
      "version": "1.5.1",
      "funding": [
        {
          "type": "github",
          "url": "https://github.com/sponsors/feross"
        },
        {
          "type": "patreon",
          "url": "https://www.patreon.com/feross"
        },
        {
          "type": "consulting",
          "url": "https://feross.org/support"
        }
      ],
      "license": "MIT"
    },
    "node_modules/big-integer": {
      "version": "1.6.52",
      "license": "Unlicense",
      "engines": {
        "node": ">=0.6"
      }
    },
    "node_modules/bplist-parser": {
      "version": "0.3.2",
      "license": "MIT",
      "dependencies": {
        "big-integer": "1.6.x"
      },
      "engines": {
        "node": ">= 5.10.0"
      }
    },
    "node_modules/brace-expansion": {
      "version": "5.0.9",
      "resolved": "https://registry.npmjs.org/brace-expansion/-/brace-expansion-5.0.9.tgz",
      "integrity": "sha512-ScQ4IuvIEF1TMlP7Zt+vjJ//9zlPb2SDcxWxM3bk8s6t6GGdJ7KO1dCcTidOPJKePW30LE/2cT7wCyPho9/Wxg==",
      "license": "MIT",
      "dependencies": {
        "balanced-match": "^4.0.2"
      },
      "engines": {
        "node": "20 || >=22"
      }
    },
    "node_modules/buffer-crc32": {
      "version": "0.2.13",
      "license": "MIT",
      "engines": {
        "node": "*"
      }
    },
    "node_modules/chownr": {
      "version": "3.0.0",
      "resolved": "https://registry.npmjs.org/chownr/-/chownr-3.0.0.tgz",
      "integrity": "sha512-+IxzY9BZOQd/XuYPRmrvEVjF/nqj5kgT4kEq7VofrDoM1MxoRjEWkrCC3EtLi59TVawxTAn+orJwFQcrqEN1+g==",
      "license": "BlueOak-1.0.0",
      "engines": {
        "node": ">=18"
      }
    },
    "node_modules/color-convert": {
      "version": "2.0.1",
      "license": "MIT",
      "dependencies": {
        "color-name": "~1.1.4"
      },
      "engines": {
        "node": ">=7.0.0"
      }
    },
    "node_modules/color-name": {
      "version": "1.1.4",
      "license": "MIT"
    },
    "node_modules/commander": {
      "version": "12.1.0",
      "resolved": "https://registry.npmjs.org/commander/-/commander-12.1.0.tgz",
      "integrity": "sha512-Vw8qHK3bZM9y/P10u3Vib8o/DdkvA2OtPtZvD871QKjy74Wj1WSKFILMPRPSdUSx5RFK1arlJzEtA4PkFgnbuA==",
      "license": "MIT",
      "engines": {
        "node": ">=18"
      }
    },
    "node_modules/cross-spawn": {
      "version": "7.0.6",
      "resolved": "https://registry.npmjs.org/cross-spawn/-/cross-spawn-7.0.6.tgz",
      "integrity": "sha512-uV2QOWP2nWzsy2aMp8aRibhi9dlzF5Hgh5SHaB9OiTGEyDTiJJyx0uy51QXdyWbtAHNua4XJzUKca3OzKUd3vA==",
      "license": "MIT",
      "dependencies": {
        "path-key": "^3.1.0",
        "shebang-command": "^2.0.0",
        "which": "^2.0.1"
      },
      "engines": {
        "node": ">= 8"
      }
    },
    "node_modules/debug": {
      "version": "4.4.3",
      "license": "MIT",
      "dependencies": {
        "ms": "^2.1.3"
      },
      "engines": {
        "node": ">=6.0"
      },
      "peerDependenciesMeta": {
        "supports-color": {
          "optional": true
        }
      }
    },
    "node_modules/define-lazy-prop": {
      "version": "2.0.0",
      "license": "MIT",
      "engines": {
        "node": ">=8"
      }
    },
    "node_modules/elementtree": {
      "version": "0.1.7",
      "license": "Apache-2.0",
      "dependencies": {
        "sax": "1.1.4"
      },
      "engines": {
        "node": ">= 0.4.0"
      }
    },
    "node_modules/elementtree/node_modules/sax": {
      "version": "1.1.4",
      "license": "ISC"
    },
    "node_modules/emoji-regex": {
      "version": "8.0.0",
      "license": "MIT"
    },
    "node_modules/env-paths": {
      "version": "2.2.1",
      "license": "MIT",
      "engines": {
        "node": ">=6"
      }
    },
    "node_modules/fd-slicer": {
      "version": "1.1.0",
      "license": "MIT",
      "dependencies": {
        "pend": "~1.2.0"
      }
    },
    "node_modules/fs-extra": {
      "version": "9.1.0",
      "license": "MIT",
      "dependencies": {
        "at-least-node": "^1.0.0",
        "graceful-fs": "^4.2.0",
        "jsonfile": "^6.0.1",
        "universalify": "^2.0.0"
      },
      "engines": {
        "node": ">=10"
      }
    },
    "node_modules/glob": {
      "version": "13.0.6",
      "resolved": "https://registry.npmjs.org/glob/-/glob-13.0.6.tgz",
      "integrity": "sha512-Wjlyrolmm8uDpm/ogGyXZXb1Z+Ca2B8NbJwqBVg0axK9GbBeoS7yGV6vjXnYdGm6X53iehEuxxbyiKp8QmN4Vw==",
      "license": "BlueOak-1.0.0",
      "dependencies": {
        "minimatch": "^10.2.2",
        "minipass": "^7.1.3",
        "path-scurry": "^2.0.2"
      },
      "engines": {
        "node": "18 || 20 || >=22"
      },
      "funding": {
        "url": "https://github.com/sponsors/isaacs"
      }
    },
    "node_modules/graceful-fs": {
      "version": "4.2.11",
      "license": "ISC"
    },
    "node_modules/inherits": {
      "version": "2.0.4",
      "license": "ISC"
    },
    "node_modules/ini": {
      "version": "4.1.3",
      "license": "ISC",
      "engines": {
        "node": "^14.17.0 || ^16.13.0 || >=18.0.0"
      }
    },
    "node_modules/is-docker": {
      "version": "2.2.1",
      "license": "MIT",
      "bin": {
        "is-docker": "cli.js"
      },
      "engines": {
        "node": ">=8"
      },
      "funding": {
        "url": "https://github.com/sponsors/sindresorhus"
      }
    },
    "node_modules/is-fullwidth-code-point": {
      "version": "3.0.0",
      "license": "MIT",
      "engines": {
        "node": ">=8"
      }
    },
    "node_modules/is-wsl": {
      "version": "2.2.0",
      "license": "MIT",
      "dependencies": {
        "is-docker": "^2.0.0"
      },
      "engines": {
        "node": ">=8"
      }
    },
    "node_modules/isexe": {
      "version": "2.0.0",
      "resolved": "https://registry.npmjs.org/isexe/-/isexe-2.0.0.tgz",
      "integrity": "sha512-RHxMLp9lnKHGHRng9QFhRCMbYAcVpn69smSGcq3f36xjgVVWThj4qqLbTLlq7Ssj8B+fIQ1EuCEGI2lKsyQeIw==",
      "license": "ISC"
    },
    "node_modules/jsonfile": {
      "version": "6.2.1",
      "license": "MIT",
      "dependencies": {
        "universalify": "^2.0.0"
      },
      "optionalDependencies": {
        "graceful-fs": "^4.1.6"
      }
    },
    "node_modules/kleur": {
      "version": "4.1.5",
      "license": "MIT",
      "engines": {
        "node": ">=6"
      }
    },
    "node_modules/lru-cache": {
      "version": "11.5.2",
      "resolved": "https://registry.npmjs.org/lru-cache/-/lru-cache-11.5.2.tgz",
      "integrity": "sha512-4pfM1Ff0x50o0tQwb5ucw/RzNyD0/YJME6IVcStalZuMWxdt3sR3huStTtxz4PUmvZfRguvDejasvQ2kifR11g==",
      "license": "BlueOak-1.0.0",
      "engines": {
        "node": "20 || >=22"
      }
    },
    "node_modules/minimatch": {
      "version": "10.2.6",
      "resolved": "https://registry.npmjs.org/minimatch/-/minimatch-10.2.6.tgz",
      "integrity": "sha512-vpLQEs+VLCr1nU0BXS07maYoFwlDAH0gngQuuttxIwutDFEMHq2blX+8vpgxDdK3J1PwjCJiep77OitTZ4Ll1A==",
      "license": "BlueOak-1.0.0",
      "dependencies": {
        "brace-expansion": "^5.0.8"
      },
      "engines": {
        "node": "18 || 20 || >=22"
      },
      "funding": {
        "url": "https://github.com/sponsors/isaacs"
      }
    },
    "node_modules/minipass": {
      "version": "7.1.3",
      "resolved": "https://registry.npmjs.org/minipass/-/minipass-7.1.3.tgz",
      "integrity": "sha512-tEBHqDnIoM/1rXME1zgka9g6Q2lcoCkxHLuc7ODJ5BxbP5d4c2Z5cGgtXAku59200Cx7diuHTOYfSBD8n6mm8A==",
      "license": "BlueOak-1.0.0",
      "engines": {
        "node": ">=16 || 14 >=14.17"
      }
    },
    "node_modules/minizlib": {
      "version": "3.1.0",
      "resolved": "https://registry.npmjs.org/minizlib/-/minizlib-3.1.0.tgz",
      "integrity": "sha512-KZxYo1BUkWD2TVFLr0MQoM8vUUigWD3LlD83a/75BqC+4qE0Hb1Vo5v1FgcfaNXvfXzr+5EhQ6ing/CaBijTlw==",
      "license": "MIT",
      "dependencies": {
        "minipass": "^7.1.2"
      },
      "engines": {
        "node": ">= 18"
      }
    },
    "node_modules/ms": {
      "version": "2.1.3",
      "license": "MIT"
    },
    "node_modules/native-run": {
      "version": "2.0.3",
      "license": "MIT",
      "dependencies": {
        "@ionic/utils-fs": "^3.1.7",
        "@ionic/utils-terminal": "^2.3.4",
        "bplist-parser": "^0.3.2",
        "debug": "^4.3.4",
        "elementtree": "^0.1.7",
        "ini": "^4.1.1",
        "plist": "^3.1.0",
        "split2": "^4.2.0",
        "through2": "^4.0.2",
        "tslib": "^2.6.2",
        "yauzl": "^2.10.0"
      },
      "bin": {
        "native-run": "bin/native-run"
      },
      "engines": {
        "node": ">=16.0.0"
      }
    },
    "node_modules/open": {
      "version": "8.4.2",
      "license": "MIT",
      "dependencies": {
        "define-lazy-prop": "^2.0.0",
        "is-docker": "^2.1.1",
        "is-wsl": "^2.2.0"
      },
      "engines": {
        "node": ">=12"
      },
      "funding": {
        "url": "https://github.com/sponsors/sindresorhus"
      }
    },
    "node_modules/package-json-from-dist": {
      "version": "1.0.1",
      "resolved": "https://registry.npmjs.org/package-json-from-dist/-/package-json-from-dist-1.0.1.tgz",
      "integrity": "sha512-UEZIS3/by4OC8vL3P2dTXRETpebLI2NiI5vIrjaD/5UtrkFX/tNbwjTSRAGC/+7CAo2pIcBaRgWmcBBHcsaCIw==",
      "license": "BlueOak-1.0.0"
    },
    "node_modules/path-key": {
      "version": "3.1.1",
      "resolved": "https://registry.npmjs.org/path-key/-/path-key-3.1.1.tgz",
      "integrity": "sha512-ojmeN0qd+y0jszEtoY48r0Peq5dwMEkIlCOu6Q5f41lfkswXuKtYrhgoTpLnyIcHm24Uhqx+5Tqm2InSwLhE6Q==",
      "license": "MIT",
      "engines": {
        "node": ">=8"
      }
    },
    "node_modules/path-scurry": {
      "version": "2.0.2",
      "resolved": "https://registry.npmjs.org/path-scurry/-/path-scurry-2.0.2.tgz",
      "integrity": "sha512-3O/iVVsJAPsOnpwWIeD+d6z/7PmqApyQePUtCndjatj/9I5LylHvt5qluFaBT3I5h3r1ejfR056c+FCv+NnNXg==",
      "license": "BlueOak-1.0.0",
      "dependencies": {
        "lru-cache": "^11.0.0",
        "minipass": "^7.1.2"
      },
      "engines": {
        "node": "18 || 20 || >=22"
      },
      "funding": {
        "url": "https://github.com/sponsors/isaacs"
      }
    },
    "node_modules/pend": {
      "version": "1.2.0",
      "license": "MIT"
    },
    "node_modules/plist": {
      "version": "3.1.1",
      "license": "MIT",
      "dependencies": {
        "@xmldom/xmldom": "^0.9.10",
        "base64-js": "^1.5.1",
        "xmlbuilder": "^15.1.1"
      },
      "engines": {
        "node": ">=10.4.0"
      }
    },
    "node_modules/prompts": {
      "version": "2.4.2",
      "license": "MIT",
      "dependencies": {
        "kleur": "^3.0.3",
        "sisteransi": "^1.0.5"
      },
      "engines": {
        "node": ">= 6"
      }
    },
    "node_modules/prompts/node_modules/kleur": {
      "version": "3.0.3",
      "license": "MIT",
      "engines": {
        "node": ">=6"
      }
    },
    "node_modules/readable-stream": {
      "version": "3.6.2",
      "license": "MIT",
      "dependencies": {
        "inherits": "^2.0.3",
        "string_decoder": "^1.1.1",
        "util-deprecate": "^1.0.1"
      },
      "engines": {
        "node": ">= 6"
      }
    },
    "node_modules/rimraf": {
      "version": "6.1.3",
      "resolved": "https://registry.npmjs.org/rimraf/-/rimraf-6.1.3.tgz",
      "integrity": "sha512-LKg+Cr2ZF61fkcaK1UdkH2yEBBKnYjTyWzTJT6KNPcSPaiT7HSdhtMXQuN5wkTX0Xu72KQ1l8S42rlmexS2hSA==",
      "license": "BlueOak-1.0.0",
      "dependencies": {
        "glob": "^13.0.3",
        "package-json-from-dist": "^1.0.1"
      },
      "bin": {
        "rimraf": "dist/esm/bin.mjs"
      },
      "engines": {
        "node": "20 || >=22"
      },
      "funding": {
        "url": "https://github.com/sponsors/isaacs"
      }
    },
    "node_modules/safe-buffer": {
      "version": "5.2.1",
      "funding": [
        {
          "type": "github",
          "url": "https://github.com/sponsors/feross"
        },
        {
          "type": "patreon",
          "url": "https://www.patreon.com/feross"
        },
        {
          "type": "consulting",
          "url": "https://feross.org/support"
        }
      ],
      "license": "MIT"
    },
    "node_modules/sax": {
      "version": "1.6.1",
      "resolved": "https://registry.npmjs.org/sax/-/sax-1.6.1.tgz",
      "integrity": "sha512-42tBVwLWnaQvW5zc4HbZrTuWccECCZfBi92FDuwtqxasH+JbPB3/FOKb1m222K42R4WxuxzzMsTswfzgtSu64Q==",
      "license": "BlueOak-1.0.0",
      "engines": {
        "node": ">=11.0.0"
      }
    },
    "node_modules/semver": {
      "version": "7.8.5",
      "license": "ISC",
      "bin": {
        "semver": "bin/semver.js"
      },
      "engines": {
        "node": ">=10"
      }
    },
    "node_modules/shebang-command": {
      "version": "2.0.0",
      "resolved": "https://registry.npmjs.org/shebang-command/-/shebang-command-2.0.0.tgz",
      "integrity": "sha512-kHxr2zZpYtdmrN1qDjrrX/Z1rR1kG8Dx+gkpK1G4eXmvXswmcE1hTWBWYUzlraYw1/yZp6YuDY77YtvbN0dmDA==",
      "license": "MIT",
      "dependencies": {
        "shebang-regex": "^3.0.0"
      },
      "engines": {
        "node": ">=8"
      }
    },
    "node_modules/shebang-regex": {
      "version": "3.0.0",
      "resolved": "https://registry.npmjs.org/shebang-regex/-/shebang-regex-3.0.0.tgz",
      "integrity": "sha512-7++dFhtcx3353uBaq8DDR4NuxBetBzC7ZQOhmTQInHEd6bSrXdiEyzCvG07Z44UYdLShWUyXt5M/yhz8ekcb1A==",
      "license": "MIT",
      "engines": {
        "node": ">=8"
      }
    },
    "node_modules/signal-exit": {
      "version": "3.0.7",
      "license": "ISC"
    },
    "node_modules/sisteransi": {
      "version": "1.0.5",
      "license": "MIT"
    },
    "node_modules/slice-ansi": {
      "version": "4.0.0",
      "license": "MIT",
      "dependencies": {
        "ansi-styles": "^4.0.0",
        "astral-regex": "^2.0.0",
        "is-fullwidth-code-point": "^3.0.0"
      },
      "engines": {
        "node": ">=10"
      },
      "funding": {
        "url": "https://github.com/chalk/slice-ansi?sponsor=1"
      }
    },
    "node_modules/split2": {
      "version": "4.2.0",
      "license": "ISC",
      "engines": {
        "node": ">= 10.x"
      }
    },
    "node_modules/string_decoder": {
      "version": "1.3.0",
      "license": "MIT",
      "dependencies": {
        "safe-buffer": "~5.2.0"
      }
    },
    "node_modules/string-width": {
      "version": "4.2.3",
      "license": "MIT",
      "dependencies": {
        "emoji-regex": "^8.0.0",
        "is-fullwidth-code-point": "^3.0.0",
        "strip-ansi": "^6.0.1"
      },
      "engines": {
        "node": ">=8"
      }
    },
    "node_modules/strip-ansi": {
      "version": "6.0.1",
      "license": "MIT",
      "dependencies": {
        "ansi-regex": "^5.0.1"
      },
      "engines": {
        "node": ">=8"
      }
    },
    "node_modules/tar": {
      "version": "7.5.22",
      "resolved": "https://registry.npmjs.org/tar/-/tar-7.5.22.tgz",
      "integrity": "sha512-MFO/QzvtAOmJbkhOaCTvbGcFN9L9b+JunIsDwaKljSOdcLMea3NJ1k9Usz/rjdfSXTq4dfzfeS7W4p4YOAAHeA==",
      "license": "BlueOak-1.0.0",
      "dependencies": {
        "@isaacs/fs-minipass": "^4.0.0",
        "chownr": "^3.0.0",
        "minipass": "^7.1.2",
        "minizlib": "^3.1.0",
        "yallist": "^5.0.0"
      },
      "engines": {
        "node": ">=18"
      }
    },
    "node_modules/through2": {
      "version": "4.0.2",
      "license": "MIT",
      "dependencies": {
        "readable-stream": "3"
      }
    },
    "node_modules/tree-kill": {
      "version": "1.2.2",
      "resolved": "https://registry.npmjs.org/tree-kill/-/tree-kill-1.2.2.tgz",
      "integrity": "sha512-L0Orpi8qGpRG//Nd+H90vFB+3iHnue1zSSGmNOOCh1GLJ7rUKVwV2HvijphGQS2UmhUZewS9VgvxYIdgr+fG1A==",
      "license": "MIT",
      "bin": {
        "tree-kill": "cli.js"
      }
    },
    "node_modules/tslib": {
      "version": "2.8.1",
      "license": "0BSD"
    },
    "node_modules/undici-types": {
      "version": "8.3.0",
      "license": "MIT"
    },
    "node_modules/universalify": {
      "version": "2.0.1",
      "license": "MIT",
      "engines": {
        "node": ">= 10.0.0"
      }
    },
    "node_modules/untildify": {
      "version": "4.0.0",
      "license": "MIT",
      "engines": {
        "node": ">=8"
      }
    },
    "node_modules/util-deprecate": {
      "version": "1.0.2",
      "license": "MIT"
    },
    "node_modules/which": {
      "version": "2.0.2",
      "resolved": "https://registry.npmjs.org/which/-/which-2.0.2.tgz",
      "integrity": "sha512-BLI3Tl1TW3Pvl70l3yq3Y64i+awpwXqsGBYWkkqMtnbXgrMD+yj7rhW0kuEDxzJaYXGjEW5ogapKNMEKNMjibA==",
      "license": "ISC",
      "dependencies": {
        "isexe": "^2.0.0"
      },
      "bin": {
        "node-which": "bin/node-which"
      },
      "engines": {
        "node": ">= 8"
      }
    },
    "node_modules/wrap-ansi": {
      "version": "7.0.0",
      "license": "MIT",
      "dependencies": {
        "ansi-styles": "^4.0.0",
        "string-width": "^4.1.0",
        "strip-ansi": "^6.0.0"
      },
      "engines": {
        "node": ">=10"
      },
      "funding": {
        "url": "https://github.com/chalk/wrap-ansi?sponsor=1"
      }
    },
    "node_modules/xml2js": {
      "version": "0.6.2",
      "resolved": "https://registry.npmjs.org/xml2js/-/xml2js-0.6.2.tgz",
      "integrity": "sha512-T4rieHaC1EXcES0Kxxj4JWgaUQHDk+qwHcYOCFHfiwKz7tOVPLq7Hjq9dM1WCMhylqMEfP7hMcOIChvotiZegA==",
      "license": "MIT",
      "dependencies": {
        "sax": ">=0.6.0",
        "xmlbuilder": "~11.0.0"
      },
      "engines": {
        "node": ">=4.0.0"
      }
    },
    "node_modules/xml2js/node_modules/xmlbuilder": {
      "version": "11.0.1",
      "resolved": "https://registry.npmjs.org/xmlbuilder/-/xmlbuilder-11.0.1.tgz",
      "integrity": "sha512-fDlsI/kFEx7gLvbecc0/ohLG50fugQp8ryHzMTuW9vSa1GJ0XYWKnhsUx7oie3G98+r56aTQIUB4kht42R3JvA==",
      "license": "MIT",
      "engines": {
        "node": ">=4.0"
      }
    },
    "node_modules/xmlbuilder": {
      "version": "15.1.1",
      "license": "MIT",
      "engines": {
        "node": ">=8.0"
      }
    },
    "node_modules/yallist": {
      "version": "5.0.0",
      "resolved": "https://registry.npmjs.org/yallist/-/yallist-5.0.0.tgz",
      "integrity": "sha512-YgvUTfwqyc7UXVMrB+SImsVYSmTS8X/tSrtdNZMImM+n7+QTriRXyXim0mBrTXNeqzVF0KWGgHPeiyViFFrNDw==",
      "license": "BlueOak-1.0.0",
      "engines": {
        "node": ">=18"
      }
    },
    "node_modules/yauzl": {
      "version": "2.10.0",
      "license": "MIT",
      "dependencies": {
        "buffer-crc32": "~0.2.3",
        "fd-slicer": "~1.1.0"
      }
    }
  }
}
